{
    "version": 3,
    "terraform_version": "0.9.11",
    "serial": 2,
    "lineage": "d71f3b15-86a3-43e1-918e-84f5a3e0bfb5",
    "modules": [
        {
            "path": [
                "root"
            ],
            "outputs": {},
            "resources": {},
            "depends_on": []
        },
        {
            "path": [
                "root",
                "kafka_brokers"
            ],
            "outputs": {},
            "resources": {
                "aws_instance.brokers.0": {
                    "type": "aws_instance",
                    "depends_on": [
                        "aws_security_group.kafka-brokers"
                    ],
                    "primary": {
                        "id": "i-039bdd92fa6536db1",
                        "attributes": {
                            "ami": "ami-c13b68ba",
                            "associate_public_ip_address": "true",
                            "availability_zone": "us-east-1a",
                            "disable_api_termination": "false",
                            "ebs_block_device.#": "0",
                            "ebs_optimized": "false",
                            "ephemeral_block_device.#": "0",
                            "iam_instance_profile": "",
                            "id": "i-039bdd92fa6536db1",
                            "instance_state": "running",
                            "instance_type": "t2.micro",
                            "ipv6_addresses.#": "0",
                            "key_name": "nova",
                            "monitoring": "false",
                            "network_interface.#": "0",
                            "network_interface_id": "eni-5a70fe88",
                            "primary_network_interface_id": "eni-5a70fe88",
                            "private_dns": "ip-172-31-3-233.ec2.internal",
                            "private_ip": "172.31.3.233",
                            "public_dns": "ec2-54-174-102-93.compute-1.amazonaws.com",
                            "public_ip": "54.174.102.93",
                            "root_block_device.#": "1",
                            "root_block_device.0.delete_on_termination": "true",
                            "root_block_device.0.iops": "100",
                            "root_block_device.0.volume_size": "8",
                            "root_block_device.0.volume_type": "gp2",
                            "security_groups.#": "0",
                            "source_dest_check": "true",
                            "subnet_id": "subnet-b98cf2f0",
                            "tags.%": "2",
                            "tags.Name": "kafka-01-kafka-broker-0",
                            "tags.Role": "kafka-broker",
                            "tenancy": "default",
                            "volume_tags.%": "0",
                            "vpc_security_group_ids.#": "1",
                            "vpc_security_group_ids.3254644056": "sg-ca2611bb"
                        },
                        "meta": {
                            "e2bfb730-ecaa-11e6-8f88-34363bc7c4c0": {
                                "create": 600000000000,
                                "delete": 600000000000,
                                "update": 600000000000
                            },
                            "schema_version": "1"
                        },
                        "tainted": false
                    },
                    "deposed": [],
                    "provider": ""
                },
                "aws_instance.brokers.1": {
                    "type": "aws_instance",
                    "depends_on": [
                        "aws_security_group.kafka-brokers"
                    ],
                    "primary": {
                        "id": "i-030f693a621244a61",
                        "attributes": {
                            "ami": "ami-c13b68ba",
                            "associate_public_ip_address": "true",
                            "availability_zone": "us-east-1b",
                            "disable_api_termination": "false",
                            "ebs_block_device.#": "0",
                            "ebs_optimized": "false",
                            "ephemeral_block_device.#": "0",
                            "iam_instance_profile": "",
                            "id": "i-030f693a621244a61",
                            "instance_state": "running",
                            "instance_type": "t2.micro",
                            "ipv6_addresses.#": "0",
                            "key_name": "nova",
                            "monitoring": "false",
                            "network_interface.#": "0",
                            "network_interface_id": "eni-fd68b355",
                            "primary_network_interface_id": "eni-fd68b355",
                            "private_dns": "ip-172-31-23-243.ec2.internal",
                            "private_ip": "172.31.23.243",
                            "public_dns": "ec2-54-91-146-86.compute-1.amazonaws.com",
                            "public_ip": "54.91.146.86",
                            "root_block_device.#": "1",
                            "root_block_device.0.delete_on_termination": "true",
                            "root_block_device.0.iops": "100",
                            "root_block_device.0.volume_size": "8",
                            "root_block_device.0.volume_type": "gp2",
                            "security_groups.#": "0",
                            "source_dest_check": "true",
                            "subnet_id": "subnet-ee50d0b5",
                            "tags.%": "2",
                            "tags.Name": "kafka-01-kafka-broker-1",
                            "tags.Role": "kafka-broker",
                            "tenancy": "default",
                            "volume_tags.%": "0",
                            "vpc_security_group_ids.#": "1",
                            "vpc_security_group_ids.3254644056": "sg-ca2611bb"
                        },
                        "meta": {
                            "e2bfb730-ecaa-11e6-8f88-34363bc7c4c0": {
                                "create": 600000000000,
                                "delete": 600000000000,
                                "update": 600000000000
                            },
                            "schema_version": "1"
                        },
                        "tainted": false
                    },
                    "deposed": [],
                    "provider": ""
                },
                "aws_instance.brokers.2": {
                    "type": "aws_instance",
                    "depends_on": [
                        "aws_security_group.kafka-brokers"
                    ],
                    "primary": {
                        "id": "i-05bd4b29ff9515511",
                        "attributes": {
                            "ami": "ami-c13b68ba",
                            "associate_public_ip_address": "true",
                            "availability_zone": "us-east-1c",
                            "disable_api_termination": "false",
                            "ebs_block_device.#": "0",
                            "ebs_optimized": "false",
                            "ephemeral_block_device.#": "0",
                            "iam_instance_profile": "",
                            "id": "i-05bd4b29ff9515511",
                            "instance_state": "running",
                            "instance_type": "t2.micro",
                            "ipv6_addresses.#": "0",
                            "key_name": "nova",
                            "monitoring": "false",
                            "network_interface.#": "0",
                            "network_interface_id": "eni-ab2b93bc",
                            "primary_network_interface_id": "eni-ab2b93bc",
                            "private_dns": "ip-172-31-71-55.ec2.internal",
                            "private_ip": "172.31.71.55",
                            "public_dns": "ec2-34-205-55-125.compute-1.amazonaws.com",
                            "public_ip": "34.205.55.125",
                            "root_block_device.#": "1",
                            "root_block_device.0.delete_on_termination": "true",
                            "root_block_device.0.iops": "100",
                            "root_block_device.0.volume_size": "8",
                            "root_block_device.0.volume_type": "gp2",
                            "security_groups.#": "0",
                            "source_dest_check": "true",
                            "subnet_id": "subnet-2edab64b",
                            "tags.%": "2",
                            "tags.Name": "kafka-01-kafka-broker-2",
                            "tags.Role": "kafka-broker",
                            "tenancy": "default",
                            "volume_tags.%": "0",
                            "vpc_security_group_ids.#": "1",
                            "vpc_security_group_ids.3254644056": "sg-ca2611bb"
                        },
                        "meta": {
                            "e2bfb730-ecaa-11e6-8f88-34363bc7c4c0": {
                                "create": 600000000000,
                                "delete": 600000000000,
                                "update": 600000000000
                            },
                            "schema_version": "1"
                        },
                        "tainted": false
                    },
                    "deposed": [],
                    "provider": ""
                },
                "aws_instance.brokers.3": {
                    "type": "aws_instance",
                    "depends_on": [
                        "aws_security_group.kafka-brokers"
                    ],
                    "primary": {
                        "id": "i-0be1dd39d24c990af",
                        "attributes": {
                            "ami": "ami-c13b68ba",
                            "associate_public_ip_address": "true",
                            "availability_zone": "us-east-1a",
                            "disable_api_termination": "false",
                            "ebs_block_device.#": "0",
                            "ebs_optimized": "false",
                            "ephemeral_block_device.#": "0",
                            "iam_instance_profile": "",
                            "id": "i-0be1dd39d24c990af",
                            "instance_state": "running",
                            "instance_type": "t2.micro",
                            "ipv6_addresses.#": "0",
                            "key_name": "nova",
                            "monitoring": "false",
                            "network_interface.#": "0",
                            "network_interface_id": "eni-1973fdcb",
                            "primary_network_interface_id": "eni-1973fdcb",
                            "private_dns": "ip-172-31-9-187.ec2.internal",
                            "private_ip": "172.31.9.187",
                            "public_dns": "ec2-54-144-230-141.compute-1.amazonaws.com",
                            "public_ip": "54.144.230.141",
                            "root_block_device.#": "1",
                            "root_block_device.0.delete_on_termination": "true",
                            "root_block_device.0.iops": "100",
                            "root_block_device.0.volume_size": "8",
                            "root_block_device.0.volume_type": "gp2",
                            "security_groups.#": "0",
                            "source_dest_check": "true",
                            "subnet_id": "subnet-b98cf2f0",
                            "tags.%": "2",
                            "tags.Name": "kafka-01-kafka-broker-3",
                            "tags.Role": "kafka-broker",
                            "tenancy": "default",
                            "volume_tags.%": "0",
                            "vpc_security_group_ids.#": "1",
                            "vpc_security_group_ids.3254644056": "sg-ca2611bb"
                        },
                        "meta": {
                            "e2bfb730-ecaa-11e6-8f88-34363bc7c4c0": {
                                "create": 600000000000,
                                "delete": 600000000000,
                                "update": 600000000000
                            },
                            "schema_version": "1"
                        },
                        "tainted": false
                    },
                    "deposed": [],
                    "provider": ""
                },
                "aws_instance.brokers.4": {
                    "type": "aws_instance",
                    "depends_on": [
                        "aws_security_group.kafka-brokers"
                    ],
                    "primary": {
                        "id": "i-07bfb18ecf77f9cef",
                        "attributes": {
                            "ami": "ami-c13b68ba",
                            "associate_public_ip_address": "true",
                            "availability_zone": "us-east-1b",
                            "disable_api_termination": "false",
                            "ebs_block_device.#": "0",
                            "ebs_optimized": "false",
                            "ephemeral_block_device.#": "0",
                            "iam_instance_profile": "",
                            "id": "i-07bfb18ecf77f9cef",
                            "instance_state": "running",
                            "instance_type": "t2.micro",
                            "ipv6_addresses.#": "0",
                            "key_name": "nova",
                            "monitoring": "false",
                            "network_interface.#": "0",
                            "network_interface_id": "eni-3069b298",
                            "primary_network_interface_id": "eni-3069b298",
                            "private_dns": "ip-172-31-28-217.ec2.internal",
                            "private_ip": "172.31.28.217",
                            "public_dns": "ec2-34-230-67-138.compute-1.amazonaws.com",
                            "public_ip": "34.230.67.138",
                            "root_block_device.#": "1",
                            "root_block_device.0.delete_on_termination": "true",
                            "root_block_device.0.iops": "100",
                            "root_block_device.0.volume_size": "8",
                            "root_block_device.0.volume_type": "gp2",
                            "security_groups.#": "0",
                            "source_dest_check": "true",
                            "subnet_id": "subnet-ee50d0b5",
                            "tags.%": "2",
                            "tags.Name": "kafka-01-kafka-broker-4",
                            "tags.Role": "kafka-broker",
                            "tenancy": "default",
                            "volume_tags.%": "0",
                            "vpc_security_group_ids.#": "1",
                            "vpc_security_group_ids.3254644056": "sg-ca2611bb"
                        },
                        "meta": {
                            "e2bfb730-ecaa-11e6-8f88-34363bc7c4c0": {
                                "create": 600000000000,
                                "delete": 600000000000,
                                "update": 600000000000
                            },
                            "schema_version": "1"
                        },
                        "tainted": false
                    },
                    "deposed": [],
                    "provider": ""
                },
                "aws_instance.brokers.5": {
                    "type": "aws_instance",
                    "depends_on": [
                        "aws_security_group.kafka-brokers"
                    ],
                    "primary": {
                        "id": "i-05ccc151266fca2ac",
                        "attributes": {
                            "ami": "ami-c13b68ba",
                            "associate_public_ip_address": "true",
                            "availability_zone": "us-east-1c",
                            "disable_api_termination": "false",
                            "ebs_block_device.#": "0",
                            "ebs_optimized": "false",
                            "ephemeral_block_device.#": "0",
                            "iam_instance_profile": "",
                            "id": "i-05ccc151266fca2ac",
                            "instance_state": "running",
                            "instance_type": "t2.micro",
                            "ipv6_addresses.#": "0",
                            "key_name": "nova",
                            "monitoring": "false",
                            "network_interface.#": "0",
                            "network_interface_id": "eni-e92991fe",
                            "primary_network_interface_id": "eni-e92991fe",
                            "private_dns": "ip-172-31-78-207.ec2.internal",
                            "private_ip": "172.31.78.207",
                            "public_dns": "ec2-34-231-229-62.compute-1.amazonaws.com",
                            "public_ip": "34.231.229.62",
                            "root_block_device.#": "1",
                            "root_block_device.0.delete_on_termination": "true",
                            "root_block_device.0.iops": "100",
                            "root_block_device.0.volume_size": "8",
                            "root_block_device.0.volume_type": "gp2",
                            "security_groups.#": "0",
                            "source_dest_check": "true",
                            "subnet_id": "subnet-2edab64b",
                            "tags.%": "2",
                            "tags.Name": "kafka-01-kafka-broker-5",
                            "tags.Role": "kafka-broker",
                            "tenancy": "default",
                            "volume_tags.%": "0",
                            "vpc_security_group_ids.#": "1",
                            "vpc_security_group_ids.3254644056": "sg-ca2611bb"
                        },
                        "meta": {
                            "e2bfb730-ecaa-11e6-8f88-34363bc7c4c0": {
                                "create": 600000000000,
                                "delete": 600000000000,
                                "update": 600000000000
                            },
                            "schema_version": "1"
                        },
                        "tainted": false
                    },
                    "deposed": [],
                    "provider": ""
                },
                "aws_security_group.kafka-brokers": {
                    "type": "aws_security_group",
                    "depends_on": [],
                    "primary": {
                        "id": "sg-ca2611bb",
                        "attributes": {
                            "description": "Managed by Terraform",
                            "egress.#": "1",
                            "egress.482069346.cidr_blocks.#": "1",
                            "egress.482069346.cidr_blocks.0": "0.0.0.0/0",
                            "egress.482069346.from_port": "0",
                            "egress.482069346.ipv6_cidr_blocks.#": "0",
                            "egress.482069346.prefix_list_ids.#": "0",
                            "egress.482069346.protocol": "-1",
                            "egress.482069346.security_groups.#": "0",
                            "egress.482069346.self": "false",
                            "egress.482069346.to_port": "0",
                            "id": "sg-ca2611bb",
                            "ingress.#": "2",
                            "ingress.2541437006.cidr_blocks.#": "1",
                            "ingress.2541437006.cidr_blocks.0": "0.0.0.0/0",
                            "ingress.2541437006.from_port": "22",
                            "ingress.2541437006.ipv6_cidr_blocks.#": "0",
                            "ingress.2541437006.protocol": "tcp",
                            "ingress.2541437006.security_groups.#": "0",
                            "ingress.2541437006.self": "false",
                            "ingress.2541437006.to_port": "22",
                            "ingress.4003573398.cidr_blocks.#": "1",
                            "ingress.4003573398.cidr_blocks.0": "0.0.0.0/0",
                            "ingress.4003573398.from_port": "9092",
                            "ingress.4003573398.ipv6_cidr_blocks.#": "0",
                            "ingress.4003573398.protocol": "tcp",
                            "ingress.4003573398.security_groups.#": "0",
                            "ingress.4003573398.self": "false",
                            "ingress.4003573398.to_port": "9092",
                            "name": "kafka-01-kafka-brokers-sg",
                            "owner_id": "330605174437",
                            "tags.%": "0",
                            "vpc_id": "vpc-d362aeb5"
                        },
                        "meta": {},
                        "tainted": false
                    },
                    "deposed": [],
                    "provider": ""
                }
            },
            "depends_on": []
        },
        {
            "path": [
                "root",
                "kafka_zookeepers"
            ],
            "outputs": {},
            "resources": {
                "aws_instance.zookeeper.0": {
                    "type": "aws_instance",
                    "depends_on": [
                        "aws_security_group.kafka-zookeeper"
                    ],
                    "primary": {
                        "id": "i-0fafb6384929f7a76",
                        "attributes": {
                            "ami": "ami-c13b68ba",
                            "associate_public_ip_address": "true",
                            "availability_zone": "us-east-1a",
                            "disable_api_termination": "false",
                            "ebs_block_device.#": "0",
                            "ebs_optimized": "false",
                            "ephemeral_block_device.#": "0",
                            "iam_instance_profile": "",
                            "id": "i-0fafb6384929f7a76",
                            "instance_state": "running",
                            "instance_type": "t2.micro",
                            "ipv6_addresses.#": "0",
                            "key_name": "nova",
                            "monitoring": "false",
                            "network_interface.#": "0",
                            "network_interface_id": "eni-f472fc26",
                            "primary_network_interface_id": "eni-f472fc26",
                            "private_dns": "ip-172-31-3-187.ec2.internal",
                            "private_ip": "172.31.3.187",
                            "public_dns": "ec2-34-201-94-251.compute-1.amazonaws.com",
                            "public_ip": "34.201.94.251",
                            "root_block_device.#": "1",
                            "root_block_device.0.delete_on_termination": "true",
                            "root_block_device.0.iops": "100",
                            "root_block_device.0.volume_size": "8",
                            "root_block_device.0.volume_type": "gp2",
                            "security_groups.#": "0",
                            "source_dest_check": "true",
                            "subnet_id": "subnet-b98cf2f0",
                            "tags.%": "2",
                            "tags.Name": "kafka-01-kafka-zookeeper-0",
                            "tags.Role": "kafka-zookeeper",
                            "tenancy": "default",
                            "volume_tags.%": "0",
                            "vpc_security_group_ids.#": "1",
                            "vpc_security_group_ids.2360316523": "sg-fa25128b"
                        },
                        "meta": {
                            "e2bfb730-ecaa-11e6-8f88-34363bc7c4c0": {
                                "create": 600000000000,
                                "delete": 600000000000,
                                "update": 600000000000
                            },
                            "schema_version": "1"
                        },
                        "tainted": false
                    },
                    "deposed": [],
                    "provider": ""
                },
                "aws_instance.zookeeper.1": {
                    "type": "aws_instance",
                    "depends_on": [
                        "aws_security_group.kafka-zookeeper"
                    ],
                    "primary": {
                        "id": "i-0d42e064470a18a64",
                        "attributes": {
                            "ami": "ami-c13b68ba",
                            "associate_public_ip_address": "true",
                            "availability_zone": "us-east-1b",
                            "disable_api_termination": "false",
                            "ebs_block_device.#": "0",
                            "ebs_optimized": "false",
                            "ephemeral_block_device.#": "0",
                            "iam_instance_profile": "",
                            "id": "i-0d42e064470a18a64",
                            "instance_state": "running",
                            "instance_type": "t2.micro",
                            "ipv6_addresses.#": "0",
                            "key_name": "nova",
                            "monitoring": "false",
                            "network_interface.#": "0",
                            "network_interface_id": "eni-246cb78c",
                            "primary_network_interface_id": "eni-246cb78c",
                            "private_dns": "ip-172-31-21-13.ec2.internal",
                            "private_ip": "172.31.21.13",
                            "public_dns": "ec2-34-203-192-146.compute-1.amazonaws.com",
                            "public_ip": "34.203.192.146",
                            "root_block_device.#": "1",
                            "root_block_device.0.delete_on_termination": "true",
                            "root_block_device.0.iops": "100",
                            "root_block_device.0.volume_size": "8",
                            "root_block_device.0.volume_type": "gp2",
                            "security_groups.#": "0",
                            "source_dest_check": "true",
                            "subnet_id": "subnet-ee50d0b5",
                            "tags.%": "2",
                            "tags.Name": "kafka-01-kafka-zookeeper-1",
                            "tags.Role": "kafka-zookeeper",
                            "tenancy": "default",
                            "volume_tags.%": "0",
                            "vpc_security_group_ids.#": "1",
                            "vpc_security_group_ids.2360316523": "sg-fa25128b"
                        },
                        "meta": {
                            "e2bfb730-ecaa-11e6-8f88-34363bc7c4c0": {
                                "create": 600000000000,
                                "delete": 600000000000,
                                "update": 600000000000
                            },
                            "schema_version": "1"
                        },
                        "tainted": false
                    },
                    "deposed": [],
                    "provider": ""
                },
                "aws_instance.zookeeper.2": {
                    "type": "aws_instance",
                    "depends_on": [
                        "aws_security_group.kafka-zookeeper"
                    ],
                    "primary": {
                        "id": "i-08472350bd46aa317",
                        "attributes": {
                            "ami": "ami-c13b68ba",
                            "associate_public_ip_address": "true",
                            "availability_zone": "us-east-1c",
                            "disable_api_termination": "false",
                            "ebs_block_device.#": "0",
                            "ebs_optimized": "false",
                            "ephemeral_block_device.#": "0",
                            "iam_instance_profile": "",
                            "id": "i-08472350bd46aa317",
                            "instance_state": "running",
                            "instance_type": "t2.micro",
                            "ipv6_addresses.#": "0",
                            "key_name": "nova",
                            "monitoring": "false",
                            "network_interface.#": "0",
                            "network_interface_id": "eni-2f368e38",
                            "primary_network_interface_id": "eni-2f368e38",
                            "private_dns": "ip-172-31-78-129.ec2.internal",
                            "private_ip": "172.31.78.129",
                            "public_dns": "ec2-54-236-31-245.compute-1.amazonaws.com",
                            "public_ip": "54.236.31.245",
                            "root_block_device.#": "1",
                            "root_block_device.0.delete_on_termination": "true",
                            "root_block_device.0.iops": "100",
                            "root_block_device.0.volume_size": "8",
                            "root_block_device.0.volume_type": "gp2",
                            "security_groups.#": "0",
                            "source_dest_check": "true",
                            "subnet_id": "subnet-2edab64b",
                            "tags.%": "2",
                            "tags.Name": "kafka-01-kafka-zookeeper-2",
                            "tags.Role": "kafka-zookeeper",
                            "tenancy": "default",
                            "volume_tags.%": "0",
                            "vpc_security_group_ids.#": "1",
                            "vpc_security_group_ids.2360316523": "sg-fa25128b"
                        },
                        "meta": {
                            "e2bfb730-ecaa-11e6-8f88-34363bc7c4c0": {
                                "create": 600000000000,
                                "delete": 600000000000,
                                "update": 600000000000
                            },
                            "schema_version": "1"
                        },
                        "tainted": false
                    },
                    "deposed": [],
                    "provider": ""
                },
                "aws_security_group.kafka-zookeeper": {
                    "type": "aws_security_group",
                    "depends_on": [],
                    "primary": {
                        "id": "sg-fa25128b",
                        "attributes": {
                            "description": "Managed by Terraform",
                            "egress.#": "1",
                            "egress.482069346.cidr_blocks.#": "1",
                            "egress.482069346.cidr_blocks.0": "0.0.0.0/0",
                            "egress.482069346.from_port": "0",
                            "egress.482069346.ipv6_cidr_blocks.#": "0",
                            "egress.482069346.prefix_list_ids.#": "0",
                            "egress.482069346.protocol": "-1",
                            "egress.482069346.security_groups.#": "0",
                            "egress.482069346.self": "false",
                            "egress.482069346.to_port": "0",
                            "id": "sg-fa25128b",
                            "ingress.#": "2",
                            "ingress.2040044322.cidr_blocks.#": "1",
                            "ingress.2040044322.cidr_blocks.0": "0.0.0.0/0",
                            "ingress.2040044322.from_port": "2181",
                            "ingress.2040044322.ipv6_cidr_blocks.#": "0",
                            "ingress.2040044322.protocol": "tcp",
                            "ingress.2040044322.security_groups.#": "0",
                            "ingress.2040044322.self": "false",
                            "ingress.2040044322.to_port": "2181",
                            "ingress.2541437006.cidr_blocks.#": "1",
                            "ingress.2541437006.cidr_blocks.0": "0.0.0.0/0",
                            "ingress.2541437006.from_port": "22",
                            "ingress.2541437006.ipv6_cidr_blocks.#": "0",
                            "ingress.2541437006.protocol": "tcp",
                            "ingress.2541437006.security_groups.#": "0",
                            "ingress.2541437006.self": "false",
                            "ingress.2541437006.to_port": "22",
                            "name": "kafka-01-kafka-zookeeper-sg",
                            "owner_id": "330605174437",
                            "tags.%": "0",
                            "vpc_id": "vpc-d362aeb5"
                        },
                        "meta": {},
                        "tainted": false
                    },
                    "deposed": [],
                    "provider": ""
                }
            },
            "depends_on": []
        }
    ]
}
